# This file is autogenerated, do not edit; changes may be undone by the next 'dep ensure'.


[[projects]]
  name = "github.com/urfave/cli"
  packages = ["."]
  revision = "0bdeddeeb0f650497d603c4ad7b20cfe685682f6"
  version = "v1.19.1"

[[projects]]
  branch = "master"
  name = "github.com/valyala/gorpc"
  packages = ["."]
  revision = "908281bef77441f2d0ec1792189b4032a1dace0c"

[solve-meta]
  analyzer-name = "dep"
  analyzer-version = 1
  inputs-digest = "9f8aa30e218498de2554ad1193356c2145cf400a79ab8f8c1ad24501f5f983b5"
  solver-name = "gps-cdcl"
  solver-version = 1
