hash: ffe00d8d44f8064694ae8e4442a9c69cea1c5b4a0375692eef715b69d16fc928
updated: 2017-06-19T09:56:50.840091929+02:00
imports:
- name: github.com/go-clog/clog
  version: 8492a6faa632c31ba82f562b53b4a6e5eacf2732
- name: github.com/mitchellh/go-ps
  version: 4fdf99ab29366514c69ccccddab5dc58b8d84062
- name: github.com/rhaamo/lutrainit
  version: 074605e7f54c39c0b895af2e615b1ace3c3b9ed3
  subpackages:
  - shared/ipc
- name: github.com/smartystreets/goconvey
  version: d4c757aa9afd1e2fc1832aaab209b5794eb336e1
  subpackages:
  - convey
  - convey/gotest
  - convey/reporting
- name: github.com/valyala/gorpc
  version: 908281bef77441f2d0ec1792189b4032a1dace0c
testImports:
- name: github.com/gopherjs/gopherjs
  version: dc374d32704510cb387457180ca9d5193978b555
  subpackages:
  - js
- name: github.com/jtolds/gls
  version: 77f18212c9c7edc9bd6a33d383a7b545ce62f064
- name: github.com/smartystreets/assertions
  version: 4ea54c1f28ad3ae597e76607dea3871fa177e263
  subpackages:
  - internal/go-render/render
  - internal/oglematchers
